<?xml version="1.0" encoding="utf-8"?>
<Project ToolsVersion="4.0" xmlns="http://schemas.microsoft.com/developer/msbuild/2003">
  <ItemGroup>
    <Filter Include="Source Files">
      <UniqueIdentifier>{4FC737F1-C7A5-4376-A066-2A32D752A2FF}</UniqueIdentifier>
      <Extensions>cpp;c;cc;cxx;def;odl;idl;hpj;bat;asm;asmx</Extensions>
    </Filter>
    <Filter Include="Header Files">
      <UniqueIdentifier>{93995380-89BD-4b04-88EB-625FBE52EBFB}</UniqueIdentifier>
      <Extensions>h;hh;hpp;hxx;hm;inl;inc;xsd</Extensions>
    </Filter>
    <Filter Include="Resource Files">
      <UniqueIdentifier>{67DA6AB6-F800-4c08-8B7A-83BB121AAD01}</UniqueIdentifier>
      <Extensions>rc;ico;cur;bmp;dlg;rc2;rct;bin;rgs;gif;jpg;jpeg;jpe;resx;tiff;tif;png;wav;mfcribbon-ms</Extensions>
    </Filter>
  </ItemGroup>
  <ItemGroup>
    <Text Include="ReadMe.txt" />
  </ItemGroup>
  <ItemGroup>
    <ClInclude Include="stdafx.h">
      <Filter>Header Files</Filter>
    </ClInclude>
    <ClInclude Include="targetver.h">
      <Filter>Header Files</Filter>
    </ClInclude>
    <ClInclude Include="lintsolution1.h">
      <Filter>Header Files</Filter>
    </ClInclude>
  </ItemGroup>
  <ItemGroup>
    <ClCompile Include="stdafx.cpp">
      <Filter>Source Files</Filter>
    </ClCompile>
    <ClCompile Include="Lint2015.cpp">
      <Filter>Source Files</Filter>
    </ClCompile>
    <ClCompile Include="AddBinary_Easy.cpp">
      <Filter>Resource Files</Filter>
    </ClCompile>
    <ClCompile Include="AddTwoNumbers_Easy.cpp">
      <Filter>Resource Files</Filter>
    </ClCompile>
    <ClCompile Include="Anagrams_Medium.cpp">
      <Filter>Resource Files</Filter>
    </ClCompile>
    <ClCompile Include="APlusBProblem_Medium.cpp">
      <Filter>Resource Files</Filter>
    </ClCompile>
    <ClCompile Include="AssignmentOperatorOverloading(CPlusPlusOnly)_Medium.cpp">
      <Filter>Resource Files</Filter>
    </ClCompile>
    <ClCompile Include="Backpack_Medium.cpp">
      <Filter>Resource Files</Filter>
    </ClCompile>
    <ClCompile Include="BackpackII_Medium.cpp">
      <Filter>Resource Files</Filter>
    </ClCompile>
    <ClCompile Include="BalancedBinaryTree_Medium.cpp">
      <Filter>Resource Files</Filter>
    </ClCompile>
    <ClCompile Include="BestTimeToBuyAndSellStock_Medium.cpp">
      <Filter>Resource Files</Filter>
    </ClCompile>
    <ClCompile Include="BestTimeToBuyAndSellStockII_Medium.cpp">
      <Filter>Resource Files</Filter>
    </ClCompile>
    <ClCompile Include="BestTimeToBuyAndSellStockIII_Medium.cpp">
      <Filter>Resource Files</Filter>
    </ClCompile>
    <ClCompile Include="BestTimeToBuyAndSellStockIV_Hard.cpp">
      <Filter>Resource Files</Filter>
    </ClCompile>
    <ClCompile Include="BinaryRepresentation_Hard.cpp">
      <Filter>Resource Files</Filter>
    </ClCompile>
    <ClCompile Include="BinarySearch_Easy.cpp">
      <Filter>Resource Files</Filter>
    </ClCompile>
    <ClCompile Include="BinarySearchTreeIterator_Hard.cpp">
      <Filter>Resource Files</Filter>
    </ClCompile>
    <ClCompile Include="BinaryTreeInorderTraversal_Easy.cpp">
      <Filter>Resource Files</Filter>
    </ClCompile>
    <ClCompile Include="BinaryTreeLevelOrderTraversal_Medium.cpp">
      <Filter>Resource Files</Filter>
    </ClCompile>
    <ClCompile Include="BinaryTreeLevelOrderTraversalII_Medium.cpp">
      <Filter>Resource Files</Filter>
    </ClCompile>
    <ClCompile Include="BinaryTreeMaximumPathSum_Medium.cpp">
      <Filter>Resource Files</Filter>
    </ClCompile>
    <ClCompile Include="BinaryTreePostorderTraversal_Easy.cpp">
      <Filter>Resource Files</Filter>
    </ClCompile>
    <ClCompile Include="BinaryTreePreorderTraversal_Easy.cpp">
      <Filter>Resource Files</Filter>
    </ClCompile>
    <ClCompile Include="BinaryTreeSerialization_Medium.cpp">
      <Filter>Resource Files</Filter>
    </ClCompile>
    <ClCompile Include="BinaryTreeZigzagLevelOrderTraversal_Medium.cpp">
      <Filter>Resource Files</Filter>
    </ClCompile>
    <ClCompile Include="BuildingOutline_Hard.cpp">
      <Filter>Resource Files</Filter>
    </ClCompile>
    <ClCompile Include="Candy_Hard.cpp">
      <Filter>Resource Files</Filter>
    </ClCompile>
    <ClCompile Include="ClimbingStairs_Easy.cpp">
      <Filter>Resource Files</Filter>
    </ClCompile>
    <ClCompile Include="CloneGraph_Medium.cpp">
      <Filter>Resource Files</Filter>
    </ClCompile>
    <ClCompile Include="CoinsInALine_Medium.cpp">
      <Filter>Resource Files</Filter>
    </ClCompile>
    <ClCompile Include="CoinsInALineII_Medium.cpp">
      <Filter>Resource Files</Filter>
    </ClCompile>
    <ClCompile Include="CoinsInALineIII_Hard.cpp">
      <Filter>Resource Files</Filter>
    </ClCompile>
    <ClCompile Include="Combinations_Medium.cpp">
      <Filter>Resource Files</Filter>
    </ClCompile>
    <ClCompile Include="CombinationSum_Medium.cpp">
      <Filter>Resource Files</Filter>
    </ClCompile>
    <ClCompile Include="CombinationSumII_Medium.cpp">
      <Filter>Resource Files</Filter>
    </ClCompile>
    <ClCompile Include="CompareStrings_Easy.cpp">
      <Filter>Resource Files</Filter>
    </ClCompile>
    <ClCompile Include="ConstructBinaryTreefromInorderAndPostorderTraversal_Medium.cpp">
      <Filter>Resource Files</Filter>
    </ClCompile>
    <ClCompile Include="ConstructBinaryTreefromPreorderAndInorderTraversal_Medium.cpp">
      <Filter>Resource Files</Filter>
    </ClCompile>
    <ClCompile Include="ContainerWithMostWater_Medium.cpp">
      <Filter>Resource Files</Filter>
    </ClCompile>
    <ClCompile Include="ContinuousSubarraySum_Medium.cpp">
      <Filter>Resource Files</Filter>
    </ClCompile>
    <ClCompile Include="ContinuousSubarraySumII_Medium.cpp">
      <Filter>Resource Files</Filter>
    </ClCompile>
    <ClCompile Include="ConvertExpressionToPolishNotation_Hard.cpp">
      <Filter>Resource Files</Filter>
    </ClCompile>
    <ClCompile Include="ConvertExpressionToReversePolishNotation_Hard.cpp">
      <Filter>Resource Files</Filter>
    </ClCompile>
    <ClCompile Include="ConvertSortedArrayToBinarySearchTreeWithMinimalHeight_Easy.cpp">
      <Filter>Resource Files</Filter>
    </ClCompile>
    <ClCompile Include="ConvertSortedListToBinarySearchTree_Medium.cpp">
      <Filter>Resource Files</Filter>
    </ClCompile>
    <ClCompile Include="CopyBooks_Hard.cpp">
      <Filter>Resource Files</Filter>
    </ClCompile>
    <ClCompile Include="CopyListwithRandomPointer_Medium.cpp">
      <Filter>Resource Files</Filter>
    </ClCompile>
    <ClCompile Include="CountAndSay_Easy.cpp">
      <Filter>Resource Files</Filter>
    </ClCompile>
    <ClCompile Include="CountOfSmallerNumber_Medium.cpp">
      <Filter>Resource Files</Filter>
    </ClCompile>
    <ClCompile Include="CountOfSmallerNumberbeforeitself_Hard.cpp">
      <Filter>Resource Files</Filter>
    </ClCompile>
    <ClCompile Include="CountOneInBinary_Easy.cpp">
      <Filter>Resource Files</Filter>
    </ClCompile>
    <ClCompile Include="DataStreamMedian_Hard.cpp">
      <Filter>Resource Files</Filter>
    </ClCompile>
    <ClCompile Include="DeleteDigits_Medium.cpp">
      <Filter>Resource Files</Filter>
    </ClCompile>
    <ClCompile Include="DeleteNodeInTheMiddleOfSinglyLinkedList_Easy.cpp">
      <Filter>Resource Files</Filter>
    </ClCompile>
    <ClCompile Include="DigitCounts_Medium.cpp">
      <Filter>Resource Files</Filter>
    </ClCompile>
    <ClCompile Include="DistinctSubsequences_Medium.cpp">
      <Filter>Resource Files</Filter>
    </ClCompile>
    <ClCompile Include="DivideTwoIntegers_Medium.cpp">
      <Filter>Resource Files</Filter>
    </ClCompile>
    <ClCompile Include="EditDistance_Medium.cpp">
      <Filter>Resource Files</Filter>
    </ClCompile>
    <ClCompile Include="EvaluateReversePolishNotation_Medium.cpp">
      <Filter>Resource Files</Filter>
    </ClCompile>
    <ClCompile Include="ExpressionEvaluation_Hard.cpp">
      <Filter>Resource Files</Filter>
    </ClCompile>
    <ClCompile Include="ExpressionTreeBuild_Hard.cpp">
      <Filter>Resource Files</Filter>
    </ClCompile>
    <ClCompile Include="FastPower_Medium.cpp">
      <Filter>Resource Files</Filter>
    </ClCompile>
    <ClCompile Include="Fibonacci_Easy.cpp">
      <Filter>Resource Files</Filter>
    </ClCompile>
    <ClCompile Include="FindMinimumInRotatedSortedArray_Medium.cpp">
      <Filter>Resource Files</Filter>
    </ClCompile>
    <ClCompile Include="FindMinimumInRotatedSortedArrayII_Medium.cpp">
      <Filter>Resource Files</Filter>
    </ClCompile>
    <ClCompile Include="FindPeakElement_Medium.cpp">
      <Filter>Resource Files</Filter>
    </ClCompile>
    <ClCompile Include="FindPeakElementII_Hard.cpp">
      <Filter>Resource Files</Filter>
    </ClCompile>
    <ClCompile Include="FindTheConnectedComponentInTheUndirectedGraph_Easy.cpp">
      <Filter>Resource Files</Filter>
    </ClCompile>
    <ClCompile Include="FindTheMissingNumber_Medium.cpp">
      <Filter>Resource Files</Filter>
    </ClCompile>
    <ClCompile Include="FindTheWeakConnectedComponentInTheDirectedGraph_Medium.cpp">
      <Filter>Resource Files</Filter>
    </ClCompile>
    <ClCompile Include="FirstBadVersion_Medium.cpp">
      <Filter>Resource Files</Filter>
    </ClCompile>
    <ClCompile Include="FirstMissingPositive_Medium.cpp">
      <Filter>Resource Files</Filter>
    </ClCompile>
    <ClCompile Include="FizzBuzz_Easy.cpp">
      <Filter>Resource Files</Filter>
    </ClCompile>
    <ClCompile Include="FlipBits_Easy.cpp">
      <Filter>Resource Files</Filter>
    </ClCompile>
    <ClCompile Include="FourSum_Medium.cpp">
      <Filter>Resource Files</Filter>
    </ClCompile>
    <ClCompile Include="GasStation_Medium.cpp">
      <Filter>Resource Files</Filter>
    </ClCompile>
    <ClCompile Include="GrayCode_Medium.cpp">
      <Filter>Resource Files</Filter>
    </ClCompile>
    <ClCompile Include="HashFunction_Easy.cpp">
      <Filter>Resource Files</Filter>
    </ClCompile>
    <ClCompile Include="Heapify_Medium.cpp">
      <Filter>Resource Files</Filter>
    </ClCompile>
    <ClCompile Include="HouseRobber_Medium.cpp">
      <Filter>Resource Files</Filter>
    </ClCompile>
    <ClCompile Include="ImplementQueuebyTwoStacks_Medium.cpp">
      <Filter>Resource Files</Filter>
    </ClCompile>
    <ClCompile Include="InsertInterval_Easy.cpp">
      <Filter>Resource Files</Filter>
    </ClCompile>
    <ClCompile Include="InsertionSortList_Easy.cpp">
      <Filter>Resource Files</Filter>
    </ClCompile>
    <ClCompile Include="InsertNodeInABinarySearchTree_Easy.cpp">
      <Filter>Resource Files</Filter>
    </ClCompile>
    <ClCompile Include="IntegerToRoman_Medium.cpp">
      <Filter>Resource Files</Filter>
    </ClCompile>
    <ClCompile Include="InterleavingPositiveAndNegativeNumbers_Medium.cpp">
      <Filter>Resource Files</Filter>
    </ClCompile>
    <ClCompile Include="InterleavingString_Medium.cpp">
      <Filter>Resource Files</Filter>
    </ClCompile>
    <ClCompile Include="IntervalMinimumNumber_Medium.cpp">
      <Filter>Resource Files</Filter>
    </ClCompile>
    <ClCompile Include="IntervalSum_Medium.cpp">
      <Filter>Resource Files</Filter>
    </ClCompile>
    <ClCompile Include="IntervalSumII_Hard.cpp">
      <Filter>Resource Files</Filter>
    </ClCompile>
    <ClCompile Include="InvertBinaryTree_Easy.cpp">
      <Filter>Resource Files</Filter>
    </ClCompile>
    <ClCompile Include="JumpGame_Medium.cpp">
      <Filter>Resource Files</Filter>
    </ClCompile>
    <ClCompile Include="JumpGameII_Medium.cpp">
      <Filter>Resource Files</Filter>
    </ClCompile>
    <ClCompile Include="kSum_Hard.cpp">
      <Filter>Resource Files</Filter>
    </ClCompile>
    <ClCompile Include="kSumII_Medium.cpp">
      <Filter>Resource Files</Filter>
    </ClCompile>
    <ClCompile Include="KthLargestElement_Medium.cpp">
      <Filter>Resource Files</Filter>
    </ClCompile>
    <ClCompile Include="KthSmallestNumberInSortedMatrix_Medium.cpp">
      <Filter>Resource Files</Filter>
    </ClCompile>
    <ClCompile Include="LargestNumber_Medium.cpp">
      <Filter>Resource Files</Filter>
    </ClCompile>
    <ClCompile Include="LargestRectangleInHistogram_Hard.cpp">
      <Filter>Resource Files</Filter>
    </ClCompile>
    <ClCompile Include="LengthOfLastWord_Easy.cpp">
      <Filter>Resource Files</Filter>
    </ClCompile>
    <ClCompile Include="LinkedListCycle_Medium.cpp">
      <Filter>Resource Files</Filter>
    </ClCompile>
    <ClCompile Include="LinkedListCycleII_Hard.cpp">
      <Filter>Resource Files</Filter>
    </ClCompile>
    <ClCompile Include="LongestCommonPrefix_Medium.cpp">
      <Filter>Resource Files</Filter>
    </ClCompile>
    <ClCompile Include="LongestCommonSubsequence_Medium.cpp">
      <Filter>Resource Files</Filter>
    </ClCompile>
    <ClCompile Include="LongestCommonSubstring_Medium.cpp">
      <Filter>Resource Files</Filter>
    </ClCompile>
    <ClCompile Include="LongestConsecutiveSequence_Medium.cpp">
      <Filter>Resource Files</Filter>
    </ClCompile>
    <ClCompile Include="LongestIncreasingContinuoussubsequence_Easy.cpp">
      <Filter>Resource Files</Filter>
    </ClCompile>
    <ClCompile Include="LongestIncreasingContinuoussubsequenceII_Hard.cpp">
      <Filter>Resource Files</Filter>
    </ClCompile>
    <ClCompile Include="LongestIncreasingSubsequence_Medium.cpp">
      <Filter>Resource Files</Filter>
    </ClCompile>
    <ClCompile Include="LongestPalindromicSubstring_Medium.cpp">
      <Filter>Resource Files</Filter>
    </ClCompile>
    <ClCompile Include="LongestSubstringwithAtMostKDistinctCharacters_Medium.cpp">
      <Filter>Resource Files</Filter>
    </ClCompile>
    <ClCompile Include="LongestSubstringWithoutRepeatingCharacters_Medium.cpp">
      <Filter>Resource Files</Filter>
    </ClCompile>
    <ClCompile Include="LongestWords_Easy.cpp">
      <Filter>Resource Files</Filter>
    </ClCompile>
    <ClCompile Include="LowestCommonAncestor_Medium.cpp">
      <Filter>Resource Files</Filter>
    </ClCompile>
    <ClCompile Include="LRUCache_Hard.cpp">
      <Filter>Resource Files</Filter>
    </ClCompile>
    <ClCompile Include="MajorityNumber_Easy.cpp">
      <Filter>Resource Files</Filter>
    </ClCompile>
    <ClCompile Include="MajorityNumberII_Medium.cpp">
      <Filter>Resource Files</Filter>
    </ClCompile>
    <ClCompile Include="MajorityNumberIII_Medium.cpp">
      <Filter>Resource Files</Filter>
    </ClCompile>
    <ClCompile Include="MatrixZigzagTraversal_Easy.cpp">
      <Filter>Resource Files</Filter>
    </ClCompile>
    <ClCompile Include="MaximalSquare_Medium.cpp">
      <Filter>Resource Files</Filter>
    </ClCompile>
    <ClCompile Include="MaximumDepthOfBinaryTree_Easy.cpp">
      <Filter>Resource Files</Filter>
    </ClCompile>
    <ClCompile Include="MaximumGap_Hard.cpp">
      <Filter>Resource Files</Filter>
    </ClCompile>
    <ClCompile Include="MaximumProductSubarray_Medium.cpp">
      <Filter>Resource Files</Filter>
    </ClCompile>
    <ClCompile Include="MaximumSubarray_Easy.cpp">
      <Filter>Resource Files</Filter>
    </ClCompile>
    <ClCompile Include="MaximumSubarrayDifference_Medium.cpp">
      <Filter>Resource Files</Filter>
    </ClCompile>
    <ClCompile Include="MaximumSubarrayII_Medium.cpp">
      <Filter>Resource Files</Filter>
    </ClCompile>
    <ClCompile Include="MaximumSubarrayIII_Hard.cpp">
      <Filter>Resource Files</Filter>
    </ClCompile>
    <ClCompile Include="MaxPointsOnALine_Medium.cpp">
      <Filter>Resource Files</Filter>
    </ClCompile>
    <ClCompile Include="MaxTree_Hard.cpp">
      <Filter>Resource Files</Filter>
    </ClCompile>
    <ClCompile Include="Median_Easy.cpp">
      <Filter>Resource Files</Filter>
    </ClCompile>
    <ClCompile Include="MedianOftwoSortedArrays_Hard.cpp">
      <Filter>Resource Files</Filter>
    </ClCompile>
    <ClCompile Include="MergeIntervals_Easy.cpp">
      <Filter>Resource Files</Filter>
    </ClCompile>
    <ClCompile Include="MergekSortedLists_Medium.cpp">
      <Filter>Resource Files</Filter>
    </ClCompile>
    <ClCompile Include="MergeSortedArray_Easy.cpp">
      <Filter>Resource Files</Filter>
    </ClCompile>
    <ClCompile Include="MergeSortedArrayII_Easy.cpp">
      <Filter>Resource Files</Filter>
    </ClCompile>
    <ClCompile Include="MergeTwoSortedLists_Easy.cpp">
      <Filter>Resource Files</Filter>
    </ClCompile>
    <ClCompile Include="MinimumAdjustmentCost_Medium.cpp">
      <Filter>Resource Files</Filter>
    </ClCompile>
    <ClCompile Include="MinimumDepthOfBinaryTree_Easy.cpp">
      <Filter>Resource Files</Filter>
    </ClCompile>
    <ClCompile Include="MinimumPathSum_Easy.cpp">
      <Filter>Resource Files</Filter>
    </ClCompile>
    <ClCompile Include="MinimumSizeSubarraySum_Medium.cpp">
      <Filter>Resource Files</Filter>
    </ClCompile>
    <ClCompile Include="MinimumSubarray_Easy.cpp">
      <Filter>Resource Files</Filter>
    </ClCompile>
    <ClCompile Include="MinimumWindowSubstring_Medium.cpp">
      <Filter>Resource Files</Filter>
    </ClCompile>
    <ClCompile Include="MinStack_Medium.cpp">
      <Filter>Resource Files</Filter>
    </ClCompile>
    <ClCompile Include="N_Queens_Medium.cpp">
      <Filter>Resource Files</Filter>
    </ClCompile>
    <ClCompile Include="N_QueensII_Medium.cpp">
      <Filter>Resource Files</Filter>
    </ClCompile>
    <ClCompile Include="NextPermutation_Medium.cpp">
      <Filter>Resource Files</Filter>
    </ClCompile>
    <ClCompile Include="NextPermutationII_Medium.cpp">
      <Filter>Resource Files</Filter>
    </ClCompile>
    <ClCompile Include="NthToLastNodeInList_Easy.cpp">
      <Filter>Resource Files</Filter>
    </ClCompile>
    <ClCompile Include="NumberOfAirplanesInTheSky_Medium.cpp">
      <Filter>Resource Files</Filter>
    </ClCompile>
    <ClCompile Include="NumberOfIslands_Easy.cpp">
      <Filter>Resource Files</Filter>
    </ClCompile>
    <ClCompile Include="NumberOfIslandsII_Hard.cpp">
      <Filter>Resource Files</Filter>
    </ClCompile>
    <ClCompile Include="NutsAndBoltsProblem_Medium.cpp">
      <Filter>Resource Files</Filter>
    </ClCompile>
    <ClCompile Include="O1CheckPowerOfTwo_Easy.cpp">
      <Filter>Resource Files</Filter>
    </ClCompile>
    <ClCompile Include="PalindromePartitioning_Easy.cpp">
      <Filter>Resource Files</Filter>
    </ClCompile>
    <ClCompile Include="PalindromePartitioningII_Medium.cpp">
      <Filter>Resource Files</Filter>
    </ClCompile>
    <ClCompile Include="PartitionArray_Medium.cpp">
      <Filter>Resource Files</Filter>
    </ClCompile>
    <ClCompile Include="PartitionArraybyOddAndEven_Easy.cpp">
      <Filter>Resource Files</Filter>
    </ClCompile>
    <ClCompile Include="PartitionList_Easy.cpp">
      <Filter>Resource Files</Filter>
    </ClCompile>
    <ClCompile Include="PermutationIndex_Easy.cpp">
      <Filter>Resource Files</Filter>
    </ClCompile>
    <ClCompile Include="PermutationIndexII_Medium.cpp">
      <Filter>Resource Files</Filter>
    </ClCompile>
    <ClCompile Include="Permutations_Medium.cpp">
      <Filter>Resource Files</Filter>
    </ClCompile>
    <ClCompile Include="PermutationSequence_Medium.cpp">
      <Filter>Resource Files</Filter>
    </ClCompile>
    <ClCompile Include="PermutationsII_Medium.cpp">
      <Filter>Resource Files</Filter>
    </ClCompile>
    <ClCompile Include="PlusOne_Easy.cpp">
      <Filter>Resource Files</Filter>
    </ClCompile>
    <ClCompile Include="PostOfficeProblem_Hard.cpp">
      <Filter>Resource Files</Filter>
    </ClCompile>
    <ClCompile Include="PreviousPermuation_Medium.cpp">
      <Filter>Resource Files</Filter>
    </ClCompile>
    <ClCompile Include="PrintNumbersbyRecursion_Medium.cpp">
      <Filter>Resource Files</Filter>
    </ClCompile>
    <ClCompile Include="ProductOfArrayExcludeItself_Easy.cpp">
      <Filter>Resource Files</Filter>
    </ClCompile>
    <ClCompile Include="RecoverRotatedSortedArray_Easy.cpp">
      <Filter>Resource Files</Filter>
    </ClCompile>
    <ClCompile Include="RegularExpressionMatching_Hard.cpp">
      <Filter>Resource Files</Filter>
    </ClCompile>
    <ClCompile Include="Rehashing_Medium.cpp">
      <Filter>Resource Files</Filter>
    </ClCompile>
    <ClCompile Include="RemoveDuplicatesfromSortedArray_Easy.cpp">
      <Filter>Resource Files</Filter>
    </ClCompile>
    <ClCompile Include="RemoveDuplicatesfromSortedArrayII_Easy.cpp">
      <Filter>Resource Files</Filter>
    </ClCompile>
    <ClCompile Include="RemoveDuplicatesfromSortedList_Easy.cpp">
      <Filter>Resource Files</Filter>
    </ClCompile>
    <ClCompile Include="RemoveDuplicatesfromSortedListII_Medium.cpp">
      <Filter>Resource Files</Filter>
    </ClCompile>
    <ClCompile Include="RemoveElement_Easy.cpp">
      <Filter>Resource Files</Filter>
    </ClCompile>
    <ClCompile Include="RemoveNodeInBinarySearchTree_Hard.cpp">
      <Filter>Resource Files</Filter>
    </ClCompile>
    <ClCompile Include="RemoveNthNodeFromEndOfList_Easy.cpp">
      <Filter>Resource Files</Filter>
    </ClCompile>
    <ClCompile Include="ReorderList_Medium.cpp">
      <Filter>Resource Files</Filter>
    </ClCompile>
    <ClCompile Include="ReverseInteger_Easy.cpp">
      <Filter>Resource Files</Filter>
    </ClCompile>
    <ClCompile Include="ReverseLinkedList_Easy.cpp">
      <Filter>Resource Files</Filter>
    </ClCompile>
    <ClCompile Include="ReverseLinkedListII_Medium.cpp">
      <Filter>Resource Files</Filter>
    </ClCompile>
    <ClCompile Include="ReverseWordsInAString_Easy.cpp">
      <Filter>Resource Files</Filter>
    </ClCompile>
    <ClCompile Include="RomanToInteger_Medium.cpp">
      <Filter>Resource Files</Filter>
    </ClCompile>
    <ClCompile Include="RotateImage_Medium.cpp">
      <Filter>Resource Files</Filter>
    </ClCompile>
    <ClCompile Include="RotateList_Medium.cpp">
      <Filter>Resource Files</Filter>
    </ClCompile>
    <ClCompile Include="RotateString_Easy.cpp">
      <Filter>Resource Files</Filter>
    </ClCompile>
    <ClCompile Include="RouteBetweenTwoNodesInGraph_Medium.cpp">
      <Filter>Resource Files</Filter>
    </ClCompile>
    <ClCompile Include="ScrambleString_Hard.cpp">
      <Filter>Resource Files</Filter>
    </ClCompile>
    <ClCompile Include="SearchATwoDMatrix_Easy.cpp">
      <Filter>Resource Files</Filter>
    </ClCompile>
    <ClCompile Include="SearchATwoDMatrixII_Medium.cpp">
      <Filter>Resource Files</Filter>
    </ClCompile>
    <ClCompile Include="SearchforARange_Medium.cpp">
      <Filter>Resource Files</Filter>
    </ClCompile>
    <ClCompile Include="SearchInRotatedSortedArray_Medium.cpp">
      <Filter>Resource Files</Filter>
    </ClCompile>
    <ClCompile Include="SearchInRotatedSortedArrayII_Medium.cpp">
      <Filter>Resource Files</Filter>
    </ClCompile>
    <ClCompile Include="SearchInsertPosition_Easy.cpp">
      <Filter>Resource Files</Filter>
    </ClCompile>
    <ClCompile Include="SearchRangeInBinarySearchTree_Medium.cpp">
      <Filter>Resource Files</Filter>
    </ClCompile>
    <ClCompile Include="SegmentTreeBuild_Medium.cpp">
      <Filter>Resource Files</Filter>
    </ClCompile>
    <ClCompile Include="SegmentTreeModify_Medium.cpp">
      <Filter>Resource Files</Filter>
    </ClCompile>
    <ClCompile Include="SegmentTreeQuery_Medium.cpp">
      <Filter>Resource Files</Filter>
    </ClCompile>
    <ClCompile Include="SegmentTreeQueryII_Medium.cpp">
      <Filter>Resource Files</Filter>
    </ClCompile>
    <ClCompile Include="SetMatrixZeroes_Medium.cpp">
      <Filter>Resource Files</Filter>
    </ClCompile>
    <ClCompile Include="SimplifyPath_Medium.cpp">
      <Filter>Resource Files</Filter>
    </ClCompile>
    <ClCompile Include="SingleNumber_Easy.cpp">
      <Filter>Resource Files</Filter>
    </ClCompile>
    <ClCompile Include="SingleNumberII_Medium.cpp">
      <Filter>Resource Files</Filter>
    </ClCompile>
    <ClCompile Include="SingleNumberIII_Medium.cpp">
      <Filter>Resource Files</Filter>
    </ClCompile>
    <ClCompile Include="Singleton_Easy.cpp">
      <Filter>Resource Files</Filter>
    </ClCompile>
    <ClCompile Include="SlidingWindowMaximum_Hard.cpp">
      <Filter>Resource Files</Filter>
    </ClCompile>
    <ClCompile Include="SlidingWindowMedian_Hard.cpp">
      <Filter>Resource Files</Filter>
    </ClCompile>
    <ClCompile Include="SortColors_Medium.cpp">
      <Filter>Resource Files</Filter>
    </ClCompile>
    <ClCompile Include="SortColorsII_Medium.cpp">
      <Filter>Resource Files</Filter>
    </ClCompile>
    <ClCompile Include="SortLettersbyCase_Medium.cpp">
      <Filter>Resource Files</Filter>
    </ClCompile>
    <ClCompile Include="SortList_Medium.cpp">
      <Filter>Resource Files</Filter>
    </ClCompile>
    <ClCompile Include="SpaceReplacement_Easy.cpp">
      <Filter>Resource Files</Filter>
    </ClCompile>
    <ClCompile Include="Sqrt(x)_Easy.cpp">
      <Filter>Resource Files</Filter>
    </ClCompile>
    <ClCompile Include="StringToInteger(atoi)_Hard.cpp">
      <Filter>Resource Files</Filter>
    </ClCompile>
    <ClCompile Include="strStr_Easy.cpp">
      <Filter>Resource Files</Filter>
    </ClCompile>
    <ClCompile Include="SubarraySum_Easy.cpp">
      <Filter>Resource Files</Filter>
    </ClCompile>
    <ClCompile Include="SubarraySumClosest_Medium.cpp">
      <Filter>Resource Files</Filter>
    </ClCompile>
    <ClCompile Include="SubarraySumII_Hard.cpp">
      <Filter>Resource Files</Filter>
    </ClCompile>
    <ClCompile Include="SubmatrixSum_Medium.cpp">
      <Filter>Resource Files</Filter>
    </ClCompile>
    <ClCompile Include="Subsets_Medium.cpp">
      <Filter>Resource Files</Filter>
    </ClCompile>
    <ClCompile Include="SubsetsII_Medium.cpp">
      <Filter>Resource Files</Filter>
    </ClCompile>
    <ClCompile Include="Subtree_Easy.cpp">
      <Filter>Resource Files</Filter>
    </ClCompile>
    <ClCompile Include="TheSmallestDifference_Medium.cpp">
      <Filter>Resource Files</Filter>
    </ClCompile>
    <ClCompile Include="ThreeSum_Medium.cpp">
      <Filter>Resource Files</Filter>
    </ClCompile>
    <ClCompile Include="ThreeSumClosest_Medium.cpp">
      <Filter>Resource Files</Filter>
    </ClCompile>
    <ClCompile Include="TopologicalSorting_Medium.cpp">
      <Filter>Resource Files</Filter>
    </ClCompile>
    <ClCompile Include="TrailingZeros_Easy.cpp">
      <Filter>Resource Files</Filter>
    </ClCompile>
    <ClCompile Include="TrappingRainWater_Medium.cpp">
      <Filter>Resource Files</Filter>
    </ClCompile>
    <ClCompile Include="TrappingRainWaterII_Hard.cpp">
      <Filter>Resource Files</Filter>
    </ClCompile>
    <ClCompile Include="Triangle_Easy.cpp">
      <Filter>Resource Files</Filter>
    </ClCompile>
    <ClCompile Include="TriangleCount_Hard.cpp">
      <Filter>Resource Files</Filter>
    </ClCompile>
    <ClCompile Include="TwoStringsAreAnagrams_Easy.cpp">
      <Filter>Resource Files</Filter>
    </ClCompile>
    <ClCompile Include="TwoSum_Medium.cpp">
      <Filter>Resource Files</Filter>
    </ClCompile>
    <ClCompile Include="UglyNumber_Medium.cpp">
      <Filter>Resource Files</Filter>
    </ClCompile>
    <ClCompile Include="UniqueBinarySearchTrees_Medium.cpp">
      <Filter>Resource Files</Filter>
    </ClCompile>
    <ClCompile Include="UniqueBinarySearchTreesII_Medium.cpp">
      <Filter>Resource Files</Filter>
    </ClCompile>
    <ClCompile Include="UniqueCharacters_Easy.cpp">
      <Filter>Resource Files</Filter>
    </ClCompile>
    <ClCompile Include="UniquePaths_Easy.cpp">
      <Filter>Resource Files</Filter>
    </ClCompile>
    <ClCompile Include="UniquePathsII_Easy.cpp">
      <Filter>Resource Files</Filter>
    </ClCompile>
    <ClCompile Include="UpdateBits_Medium.cpp">
      <Filter>Resource Files</Filter>
    </ClCompile>
    <ClCompile Include="ValidateBinarySearchTree_Medium.cpp">
      <Filter>Resource Files</Filter>
    </ClCompile>
    <ClCompile Include="ValidNumber_Hard.cpp">
      <Filter>Resource Files</Filter>
    </ClCompile>
    <ClCompile Include="ValidPalindrome_Easy.cpp">
      <Filter>Resource Files</Filter>
    </ClCompile>
    <ClCompile Include="ValidParentheses_Easy.cpp">
      <Filter>Resource Files</Filter>
    </ClCompile>
    <ClCompile Include="ValidSudoku_Easy.cpp">
      <Filter>Resource Files</Filter>
    </ClCompile>
    <ClCompile Include="WildcardMatching_Hard.cpp">
      <Filter>Resource Files</Filter>
    </ClCompile>
    <ClCompile Include="WoodCut_Medium.cpp">
      <Filter>Resource Files</Filter>
    </ClCompile>
    <ClCompile Include="WordBreak_Medium.cpp">
      <Filter>Resource Files</Filter>
    </ClCompile>
    <ClCompile Include="WordLadder_Medium.cpp">
      <Filter>Resource Files</Filter>
    </ClCompile>
    <ClCompile Include="WordLadderII_Hard.cpp">
      <Filter>Resource Files</Filter>
    </ClCompile>
    <ClCompile Include="WordSearch_Medium.cpp">
      <Filter>Resource Files</Filter>
    </ClCompile>
    <ClCompile Include="WordSearchII_Hard.cpp">
      <Filter>Resource Files</Filter>
    </ClCompile>
    <ClCompile Include="Helpers.cpp">
      <Filter>Source Files</Filter>
    </ClCompile>
  </ItemGroup>
</Project>